
Microsoft Visual Studio Solution File, Format Version 12.00
Project("{FAE04EC0-301F-11D3-BF4B-00C04F79EFBC}") = "API", "API.csproj", "{0893E8E5-0EC7-4F03-9B09-E5BE0BD4A765}"
EndProject
Global
	GlobalSection(SolutionConfigurationPlatforms) = preSolution
		Debug|Any CPU = Debug|Any CPU
		Release|Any CPU = Release|Any CPU
	EndGlobalSection
	GlobalSection(ProjectConfigurationPlatforms) = postSolution
		{0893E8E5-0EC7-4F03-9B09-E5BE0BD4A765}.Debug|Any CPU.ActiveCfg = Debug|Any CPU
		{0893E8E5-0EC7-4F03-9B09-E5BE0BD4A765}.Debug|Any CPU.Build.0 = Debug|Any CPU
		{0893E8E5-0EC7-4F03-9B09-E5BE0BD4A765}.Release|Any CPU.ActiveCfg = Release|Any CPU
		{0893E8E5-0EC7-4F03-9B09-E5BE0BD4A765}.Release|Any CPU.Build.0 = Release|Any CPU
	EndGlobalSection
EndGlobal
